
Microsoft Visual Studio Solution File, Format Version 12.00
# Visual Studio Version 17
VisualStudioVersion = 17.0.31903.59
MinimumVisualStudioVersion = 10.0.40219.1
Project("{FAE04EC0-301F-11D3-BF4B-00C04F79EFBC}") = "SkillSnap.Client", "SkillSnap.Client\SkillSnap.Client.csproj", "{CA6BCC95-51DF-4B7C-B4E1-CB55208F6A9B}"
EndProject
Project("{FAE04EC0-301F-11D3-BF4B-00C04F79EFBC}") = "SkillSnap.Api", "SkillSnap.Api\SkillSnap.Api.csproj", "{C523B2BE-C693-4A1E-A5E1-8E5B054566FE}"
EndProject
Global
	GlobalSection(SolutionConfigurationPlatforms) = preSolution
		Debug|Any CPU = Debug|Any CPU
		Debug|x64 = Debug|x64
		Debug|x86 = Debug|x86
		Release|Any CPU = Release|Any CPU
		Release|x64 = Release|x64
		Release|x86 = Release|x86
	EndGlobalSection
	GlobalSection(ProjectConfigurationPlatforms) = postSolution
		{CA6BCC95-51DF-4B7C-B4E1-CB55208F6A9B}.Debug|Any CPU.ActiveCfg = Debug|Any CPU
		{CA6BCC95-51DF-4B7C-B4E1-CB55208F6A9B}.Debug|Any CPU.Build.0 = Debug|Any CPU
		{CA6BCC95-51DF-4B7C-B4E1-CB55208F6A9B}.Debug|x64.ActiveCfg = Debug|Any CPU
		{CA6BCC95-51DF-4B7C-B4E1-CB55208F6A9B}.Debug|x64.Build.0 = Debug|Any CPU
		{CA6BCC95-51DF-4B7C-B4E1-CB55208F6A9B}.Debug|x86.ActiveCfg = Debug|Any CPU
		{CA6BCC95-51DF-4B7C-B4E1-CB55208F6A9B}.Debug|x86.Build.0 = Debug|Any CPU
		{CA6BCC95-51DF-4B7C-B4E1-CB55208F6A9B}.Release|Any CPU.ActiveCfg = Release|Any CPU
		{CA6BCC95-51DF-4B7C-B4E1-CB55208F6A9B}.Release|Any CPU.Build.0 = Release|Any CPU
		{CA6BCC95-51DF-4B7C-B4E1-CB55208F6A9B}.Release|x64.ActiveCfg = Release|Any CPU
		{CA6BCC95-51DF-4B7C-B4E1-CB55208F6A9B}.Release|x64.Build.0 = Release|Any CPU
		{CA6BCC95-51DF-4B7C-B4E1-CB55208F6A9B}.Release|x86.ActiveCfg = Release|Any CPU
		{CA6BCC95-51DF-4B7C-B4E1-CB55208F6A9B}.Release|x86.Build.0 = Release|Any CPU
		{C523B2BE-C693-4A1E-A5E1-8E5B054566FE}.Debug|Any CPU.ActiveCfg = Debug|Any CPU
		{C523B2BE-C693-4A1E-A5E1-8E5B054566FE}.Debug|Any CPU.Build.0 = Debug|Any CPU
		{C523B2BE-C693-4A1E-A5E1-8E5B054566FE}.Debug|x64.ActiveCfg = Debug|Any CPU
		{C523B2BE-C693-4A1E-A5E1-8E5B054566FE}.Debug|x64.Build.0 = Debug|Any CPU
		{C523B2BE-C693-4A1E-A5E1-8E5B054566FE}.Debug|x86.ActiveCfg = Debug|Any CPU
		{C523B2BE-C693-4A1E-A5E1-8E5B054566FE}.Debug|x86.Build.0 = Debug|Any CPU
		{C523B2BE-C693-4A1E-A5E1-8E5B054566FE}.Release|Any CPU.ActiveCfg = Release|Any CPU
		{C523B2BE-C693-4A1E-A5E1-8E5B054566FE}.Release|Any CPU.Build.0 = Release|Any CPU
		{C523B2BE-C693-4A1E-A5E1-8E5B054566FE}.Release|x64.ActiveCfg = Release|Any CPU
		{C523B2BE-C693-4A1E-A5E1-8E5B054566FE}.Release|x64.Build.0 = Release|Any CPU
		{C523B2BE-C693-4A1E-A5E1-8E5B054566FE}.Release|x86.ActiveCfg = Release|Any CPU
		{C523B2BE-C693-4A1E-A5E1-8E5B054566FE}.Release|x86.Build.0 = Release|Any CPU
	EndGlobalSection
	GlobalSection(SolutionProperties) = preSolution
		HideSolutionNode = FALSE
	EndGlobalSection
EndGlobal
